
Microsoft Visual Studio Solution File, Format Version 12.00
# Visual Studio Version 16
VisualStudioVersion = 16.0.30420.98
MinimumVisualStudioVersion = 10.0.40219.1
Project("{FAE04EC0-301F-11D3-BF4B-00C04F79EFBC}") = "Zork", "Zork\Zork.csproj", "{5010E58A-D231-4B7A-B543-00BC10E66AF4}"
EndProject
Global
	GlobalSection(SolutionConfigurationPlatforms) = preSolution
		Debug|Any CPU = Debug|Any CPU
		Release|Any CPU = Release|Any CPU
	EndGlobalSection
	GlobalSection(ProjectConfigurationPlatforms) = postSolution
		{5010E58A-D231-4B7A-B543-00BC10E66AF4}.Debug|Any CPU.ActiveCfg = Debug|Any CPU
		{5010E58A-D231-4B7A-B543-00BC10E66AF4}.Debug|Any CPU.Build.0 = Debug|Any CPU
		{5010E58A-D231-4B7A-B543-00BC10E66AF4}.Release|Any CPU.ActiveCfg = Release|Any CPU
		{5010E58A-D231-4B7A-B543-00BC10E66AF4}.Release|Any CPU.Build.0 = Release|Any CPU
	EndGlobalSection
	GlobalSection(SolutionProperties) = preSolution
		HideSolutionNode = FALSE
	EndGlobalSection
	GlobalSection(ExtensibilityGlobals) = postSolution
		SolutionGuid = {ED512BFB-E4E4-4534-A908-293EE63F3F45}
	EndGlobalSection
EndGlobal
